
Microsoft Visual Studio Solution File, Format Version 12.00
# Visual Studio 15
VisualStudioVersion = 15.0.28307.960
MinimumVisualStudioVersion = 10.0.40219.1
Project("{8BC9CEB8-8B4A-11D0-8D11-00A0C91BC942}") = "求最小客服人数", "求最小客服人数\求最小客服人数.vcxproj", "{F2C7E4C0-E12F-4037-8D00-BC4F264375EA}"
EndProject
Global
	GlobalSection(SolutionConfigurationPlatforms) = preSolution
		Debug|x64 = Debug|x64
		Debug|x86 = Debug|x86
		Release|x64 = Release|x64
		Release|x86 = Release|x86
	EndGlobalSection
	GlobalSection(ProjectConfigurationPlatforms) = postSolution
		{F2C7E4C0-E12F-4037-8D00-BC4F264375EA}.Debug|x64.ActiveCfg = Debug|x64
		{F2C7E4C0-E12F-4037-8D00-BC4F264375EA}.Debug|x64.Build.0 = Debug|x64
		{F2C7E4C0-E12F-4037-8D00-BC4F264375EA}.Debug|x86.ActiveCfg = Debug|Win32
		{F2C7E4C0-E12F-4037-8D00-BC4F264375EA}.Debug|x86.Build.0 = Debug|Win32
		{F2C7E4C0-E12F-4037-8D00-BC4F264375EA}.Release|x64.ActiveCfg = Release|x64
		{F2C7E4C0-E12F-4037-8D00-BC4F264375EA}.Release|x64.Build.0 = Release|x64
		{F2C7E4C0-E12F-4037-8D00-BC4F264375EA}.Release|x86.ActiveCfg = Release|Win32
		{F2C7E4C0-E12F-4037-8D00-BC4F264375EA}.Release|x86.Build.0 = Release|Win32
	EndGlobalSection
	GlobalSection(SolutionProperties) = preSolution
		HideSolutionNode = FALSE
	EndGlobalSection
	GlobalSection(ExtensibilityGlobals) = postSolution
		SolutionGuid = {459FC5E9-FA9B-43A5-83F5-F99688267CC6}
	EndGlobalSection
EndGlobal
